// !$*UTF8*$!
{
	archiveVersion = 1;
	classes = {
	};
	objectVersion = 46;
	objects = {

/* Begin PBXBuildFile section */
		D815A70113A70F270063686A /* Quartz.framework in Frameworks */ = {isa = PBXBuildFile; fileRef = D815A70013A70F270063686A /* Quartz.framework */; };
		D815A70D13A70F270063686A /* InfoPlist.strings in Resources */ = {isa = PBXBuildFile; fileRef = D815A70B13A70F270063686A /* InfoPlist.strings */; };
		D815A71013A70F270063686A /* SpectreSupremePlugin.m in Sources */ = {isa = PBXBuildFile; fileRef = D815A70F13A70F270063686A /* SpectreSupremePlugin.m */; };
		D815A72713A716750063686A /* Localizable.strings in Resources */ = {isa = PBXBuildFile; fileRef = D815A72513A716750063686A /* Localizable.strings */; };
		D815A73913A7471F0063686A /* WebKit.framework in Frameworks */ = {isa = PBXBuildFile; fileRef = D815A73813A7470E0063686A /* WebKit.framework */; };
		D828E88813FD86B7008A9850 /* AppKit.framework in Frameworks */ = {isa = PBXBuildFile; fileRef = D815A70313A70F270063686A /* AppKit.framework */; };
		D864241613E12DC6002B9A65 /* Render SVG.qtz in Resources */ = {isa = PBXBuildFile; fileRef = D88C967013A7E92000C88D56 /* Render SVG.qtz */; };
		D864241713E12DC8002B9A65 /* SVG-logo.svg in Resources */ = {isa = PBXBuildFile; fileRef = D8A94BBF13A95C670035EB75 /* SVG-logo.svg */; };
		D864241813E12DCA002B9A65 /* Trajans-Column-lower-animated.svg in Resources */ = {isa = PBXBuildFile; fileRef = D8A94BC013A95C670035EB75 /* Trajans-Column-lower-animated.svg */; };
		D8C9E4AD14FC64EF00CF6FFA /* NSURL+CCExtensions.m in Sources */ = {isa = PBXBuildFile; fileRef = D8C9E4AC14FC64EF00CF6FFA /* NSURL+CCExtensions.m */; };
/* End PBXBuildFile section */

/* Begin PBXFileReference section */
		D815A6FB13A70F270063686A /* SpectreSupreme.plugin */ = {isa = PBXFileReference; explicitFileType = wrapper.cfbundle; includeInIndex = 0; path = SpectreSupreme.plugin; sourceTree = BUILT_PRODUCTS_DIR; };
		D815A70013A70F270063686A /* Quartz.framework */ = {isa = PBXFileReference; lastKnownFileType = wrapper.framework; name = Quartz.framework; path = System/Library/Frameworks/Quartz.framework; sourceTree = SDKROOT; };
		D815A70313A70F270063686A /* AppKit.framework */ = {isa = PBXFileReference; lastKnownFileType = wrapper.framework; name = AppKit.framework; path = System/Library/Frameworks/AppKit.framework; sourceTree = SDKROOT; };
		D815A70513A70F270063686A /* Foundation.framework */ = {isa = PBXFileReference; lastKnownFileType = wrapper.framework; name = Foundation.framework; path = System/Library/Frameworks/Foundation.framework; sourceTree = SDKROOT; };
		D815A70A13A70F270063686A /* SpectreSupreme-Info.plist */ = {isa = PBXFileReference; lastKnownFileType = text.plist.xml; path = "SpectreSupreme-Info.plist"; sourceTree = "<group>"; };
		D815A70C13A70F270063686A /* en */ = {isa = PBXFileReference; lastKnownFileType = text.plist.strings; name = en; path = en.lproj/InfoPlist.strings; sourceTree = "<group>"; };
		D815A70E13A70F270063686A /* SpectreSupremePlugin.h */ = {isa = PBXFileReference; lastKnownFileType = sourcecode.c.h; path = SpectreSupremePlugin.h; sourceTree = "<group>"; };
		D815A70F13A70F270063686A /* SpectreSupremePlugin.m */ = {isa = PBXFileReference; lastKnownFileType = sourcecode.c.objc; path = SpectreSupremePlugin.m; sourceTree = "<group>"; };
		D815A71913A713710063686A /* CHANGELOG.md */ = {isa = PBXFileReference; lastKnownFileType = text; path = CHANGELOG.md; sourceTree = SOURCE_ROOT; };
		D815A71A13A713710063686A /* README.md */ = {isa = PBXFileReference; lastKnownFileType = text; path = README.md; sourceTree = SOURCE_ROOT; };
		D815A71B13A713720063686A /* TODO.md */ = {isa = PBXFileReference; lastKnownFileType = text; path = TODO.md; sourceTree = SOURCE_ROOT; };
		D815A72113A715090063686A /* SpectreSupreme-Prefix.pch */ = {isa = PBXFileReference; fileEncoding = 4; lastKnownFileType = sourcecode.c.h; path = "SpectreSupreme-Prefix.pch"; sourceTree = "<group>"; };
		D815A72613A716750063686A /* en */ = {isa = PBXFileReference; lastKnownFileType = text.plist.strings; name = en; path = en.lproj/Localizable.strings; sourceTree = "<group>"; };
		D815A72913A7169E0063686A /* SpectreSupreme.h */ = {isa = PBXFileReference; fileEncoding = 4; lastKnownFileType = sourcecode.c.h; path = SpectreSupreme.h; sourceTree = "<group>"; };
		D815A73813A7470E0063686A /* WebKit.framework */ = {isa = PBXFileReference; lastKnownFileType = wrapper.framework; name = WebKit.framework; path = System/Library/Frameworks/WebKit.framework; sourceTree = SDKROOT; };
		D88C967013A7E92000C88D56 /* Render SVG.qtz */ = {isa = PBXFileReference; lastKnownFileType = "video.quartz-composer"; path = "Render SVG.qtz"; sourceTree = SOURCE_ROOT; };
		D8A295A116D4033000A29E87 /* Jakefile.js */ = {isa = PBXFileReference; lastKnownFileType = sourcecode.javascript; path = Jakefile.js; sourceTree = SOURCE_ROOT; };
		D8A94BBF13A95C670035EB75 /* SVG-logo.svg */ = {isa = PBXFileReference; lastKnownFileType = text; path = "SVG-logo.svg"; sourceTree = SOURCE_ROOT; };
		D8A94BC013A95C670035EB75 /* Trajans-Column-lower-animated.svg */ = {isa = PBXFileReference; lastKnownFileType = text.xml; path = "Trajans-Column-lower-animated.svg"; sourceTree = SOURCE_ROOT; };
		D8C9E4AB14FC64EF00CF6FFA /* NSURL+CCExtensions.h */ = {isa = PBXFileReference; fileEncoding = 4; lastKnownFileType = sourcecode.c.h; path = "NSURL+CCExtensions.h"; sourceTree = "<group>"; };
		D8C9E4AC14FC64EF00CF6FFA /* NSURL+CCExtensions.m */ = {isa = PBXFileReference; fileEncoding = 4; lastKnownFileType = sourcecode.c.objc; path = "NSURL+CCExtensions.m"; sourceTree = "<group>"; };
/* End PBXFileReference section */

/* Begin PBXFrameworksBuildPhase section */
		D815A6F713A70F270063686A /* Frameworks */ = {
			isa = PBXFrameworksBuildPhase;
			buildActionMask = 2147483647;
			files = (
				D815A70113A70F270063686A /* Quartz.framework in Frameworks */,
				D815A73913A7471F0063686A /* WebKit.framework in Frameworks */,
				D828E88813FD86B7008A9850 /* AppKit.framework in Frameworks */,
			);
			runOnlyForDeploymentPostprocessing = 0;
		};
/* End PBXFrameworksBuildPhase section */

/* Begin PBXGroup section */
		D815A6EF13A70F270063686A = {
			isa = PBXGroup;
			children = (
				D815A70813A70F270063686A /* SpectreSupreme */,
				D815A6FD13A70F270063686A /* Frameworks */,
				D815A6FC13A70F270063686A /* Products */,
			);
			sourceTree = "<group>";
		};
		D815A6FC13A70F270063686A /* Products */ = {
			isa = PBXGroup;
			children = (
				D815A6FB13A70F270063686A /* SpectreSupreme.plugin */,
			);
			name = Products;
			sourceTree = "<group>";
		};
		D815A6FD13A70F270063686A /* Frameworks */ = {
			isa = PBXGroup;
			children = (
				D815A70013A70F270063686A /* Quartz.framework */,
				D815A70313A70F270063686A /* AppKit.framework */,
				D815A73813A7470E0063686A /* WebKit.framework */,
				D815A70213A70F270063686A /* Other Frameworks */,
			);
			name = Frameworks;
			sourceTree = "<group>";
		};
		D815A70213A70F270063686A /* Other Frameworks */ = {
			isa = PBXGroup;
			children = (
				D815A70513A70F270063686A /* Foundation.framework */,
			);
			name = "Other Frameworks";
			sourceTree = "<group>";
		};
		D815A70813A70F270063686A /* SpectreSupreme */ = {
			isa = PBXGroup;
			children = (
				D815A72913A7169E0063686A /* SpectreSupreme.h */,
				D8C9E4AB14FC64EF00CF6FFA /* NSURL+CCExtensions.h */,
				D8C9E4AC14FC64EF00CF6FFA /* NSURL+CCExtensions.m */,
				D815A70E13A70F270063686A /* SpectreSupremePlugin.h */,
				D815A70F13A70F270063686A /* SpectreSupremePlugin.m */,
				D815A70913A70F270063686A /* Supporting Files */,
				D815A71A13A713710063686A /* README.md */,
				D815A71B13A713720063686A /* TODO.md */,
				D815A71913A713710063686A /* CHANGELOG.md */,
				D8A295A116D4033000A29E87 /* Jakefile.js */,
				D88C967013A7E92000C88D56 /* Render SVG.qtz */,
				D8A94BBF13A95C670035EB75 /* SVG-logo.svg */,
				D8A94BC013A95C670035EB75 /* Trajans-Column-lower-animated.svg */,
			);
			path = SpectreSupreme;
			sourceTree = "<group>";
		};
		D815A70913A70F270063686A /* Supporting Files */ = {
			isa = PBXGroup;
			children = (
				D815A70A13A70F270063686A /* SpectreSupreme-Info.plist */,
				D815A70B13A70F270063686A /* InfoPlist.strings */,
				D815A72113A715090063686A /* SpectreSupreme-Prefix.pch */,
				D815A72513A716750063686A /* Localizable.strings */,
			);
			name = "Supporting Files";
			sourceTree = "<group>";
		};
/* End PBXGroup section */

/* Begin PBXNativeTarget section */
		D815A6FA13A70F270063686A /* SpectreSupreme */ = {
			isa = PBXNativeTarget;
			buildConfigurationList = D815A71313A70F270063686A /* Build configuration list for PBXNativeTarget "SpectreSupreme" */;
			buildPhases = (
				D815A6F613A70F270063686A /* Sources */,
				D815A6F713A70F270063686A /* Frameworks */,
				D815A6F813A70F270063686A /* Resources */,
				D815A71713A711EE0063686A /* Update Bundle Version */,
				D815A6F913A70F270063686A /* Copy Plug-In Into Place */,
			);
			buildRules = (
			);
			dependencies = (
			);
			name = SpectreSupreme;
			productName = SpectreSupreme;
			productReference = D815A6FB13A70F270063686A /* SpectreSupreme.plugin */;
			productType = "com.apple.product-type.bundle";
		};
/* End PBXNativeTarget section */

/* Begin PBXProject section */
		D815A6F113A70F270063686A /* Project object */ = {
			isa = PBXProject;
			attributes = {
				LastUpgradeCheck = 0460;
			};
			buildConfigurationList = D815A6F413A70F270063686A /* Build configuration list for PBXProject "SpectreSupreme" */;
			compatibilityVersion = "Xcode 3.2";
			developmentRegion = English;
			hasScannedForEncodings = 0;
			knownRegions = (
				en,
			);
			mainGroup = D815A6EF13A70F270063686A;
			productRefGroup = D815A6FC13A70F270063686A /* Products */;
			projectDirPath = "";
			projectRoot = "";
			targets = (
				D815A6FA13A70F270063686A /* SpectreSupreme */,
			);
		};
/* End PBXProject section */

/* Begin PBXResourcesBuildPhase section */
		D815A6F813A70F270063686A /* Resources */ = {
			isa = PBXResourcesBuildPhase;
			buildActionMask = 2147483647;
			files = (
				D815A70D13A70F270063686A /* InfoPlist.strings in Resources */,
				D815A72713A716750063686A /* Localizable.strings in Resources */,
				D864241613E12DC6002B9A65 /* Render SVG.qtz in Resources */,
				D864241713E12DC8002B9A65 /* SVG-logo.svg in Resources */,
				D864241813E12DCA002B9A65 /* Trajans-Column-lower-animated.svg in Resources */,
			);
			runOnlyForDeploymentPostprocessing = 0;
		};
/* End PBXResourcesBuildPhase section */

/* Begin PBXShellScriptBuildPhase section */
		D815A6F913A70F270063686A /* Copy Plug-In Into Place */ = {
			isa = PBXShellScriptBuildPhase;
			buildActionMask = 2147483647;
			files = (
			);
			inputPaths = (
			);
			name = "Copy Plug-In Into Place";
			outputPaths = (
			);
			runOnlyForDeploymentPostprocessing = 0;
			shellPath = /bin/sh;
			shellScript = "# This shell script simply copies the built plug-in to \"~/Library/Graphics/Quartz Composer Plug-Ins\" and overrides any previous version at that location\n\nmkdir -p \"$USER_LIBRARY_DIR/Graphics/Quartz Composer Plug-Ins\"\nrm -rf \"$USER_LIBRARY_DIR/Graphics/Quartz Composer Plug-Ins/SpectreSupreme.plugin\"\nditto \"$BUILT_PRODUCTS_DIR/SpectreSupreme.plugin\" \"$USER_LIBRARY_DIR/Graphics/Quartz Composer Plug-Ins/SpectreSupreme.plugin\"\n";
		};
		D815A71713A711EE0063686A /* Update Bundle Version */ = {
			isa = PBXShellScriptBuildPhase;
			buildActionMask = 2147483647;
			files = (
			);
			inputPaths = (
			);
			name = "Update Bundle Version";
			outputPaths = (
			);
			runOnlyForDeploymentPostprocessing = 0;
			shellPath = /bin/sh;
			shellScript = "if [ -f /usr/local/bin/jake ]; then\n    PATH=$PATH:/usr/local/bin jake update\nelse\n    echo \"WARNING - could not find jake, bundle versions left unset\"\nfi";
		};
/* End PBXShellScriptBuildPhase section */

/* Begin PBXSourcesBuildPhase section */
		D815A6F613A70F270063686A /* Sources */ = {
			isa = PBXSourcesBuildPhase;
			buildActionMask = 2147483647;
			files = (
				D815A71013A70F270063686A /* SpectreSupremePlugin.m in Sources */,
				D8C9E4AD14FC64EF00CF6FFA /* NSURL+CCExtensions.m in Sources */,
			);
			runOnlyForDeploymentPostprocessing = 0;
		};
/* End PBXSourcesBuildPhase section */

/* Begin PBXVariantGroup section */
		D815A70B13A70F270063686A /* InfoPlist.strings */ = {
			isa = PBXVariantGroup;
			children = (
				D815A70C13A70F270063686A /* en */,
			);
			name = InfoPlist.strings;
			sourceTree = "<group>";
		};
		D815A72513A716750063686A /* Localizable.strings */ = {
			isa = PBXVariantGroup;
			children = (
				D815A72613A716750063686A /* en */,
			);
			name = Localizable.strings;
			sourceTree = "<group>";
		};
/* End PBXVariantGroup section */

/* Begin XCBuildConfiguration section */
		D815A71113A70F270063686A /* Debug */ = {
			isa = XCBuildConfiguration;
			buildSettings = {
				ALWAYS_SEARCH_USER_PATHS = NO;
				ARCHS = "$(ARCHS_STANDARD_32_64_BIT)";
				CLANG_WARN_CONSTANT_CONVERSION = YES;
				CLANG_WARN_ENUM_CONVERSION = YES;
				CLANG_WARN_INT_CONVERSION = YES;
				CLANG_WARN__DUPLICATE_METHOD_MATCH = YES;
				COPY_PHASE_STRIP = NO;
				GCC_C_LANGUAGE_STANDARD = gnu99;
				GCC_DYNAMIC_NO_PIC = NO;
				GCC_ENABLE_OBJC_EXCEPTIONS = YES;
				GCC_OPTIMIZATION_LEVEL = 0;
				GCC_PREPROCESSOR_DEFINITIONS = (
					DEBUG,
					"$(inherited)",
				);
				GCC_SYMBOLS_PRIVATE_EXTERN = NO;
				GCC_TREAT_WARNINGS_AS_ERRORS = YES;
				GCC_VERSION = com.apple.compilers.llvm.clang.1_0;
				GCC_WARN_64_TO_32_BIT_CONVERSION = YES;
				GCC_WARN_ABOUT_MISSING_PROTOTYPES = YES;
				GCC_WARN_ABOUT_RETURN_TYPE = YES;
				GCC_WARN_UNINITIALIZED_AUTOS = YES;
				GCC_WARN_UNUSED_VARIABLE = YES;
				MACOSX_DEPLOYMENT_TARGET = 10.7;
				ONLY_ACTIVE_ARCH = YES;
				RUN_CLANG_STATIC_ANALYZER = YES;
				SDKROOT = macosx;
				WARNING_CFLAGS = "-Wall";
			};
			name = Debug;
		};
		D815A71213A70F270063686A /* Release */ = {
			isa = XCBuildConfiguration;
			buildSettings = {
				ALWAYS_SEARCH_USER_PATHS = NO;
				ARCHS = "$(ARCHS_STANDARD_32_64_BIT)";
				CLANG_WARN_CONSTANT_CONVERSION = YES;
				CLANG_WARN_ENUM_CONVERSION = YES;
				CLANG_WARN_INT_CONVERSION = YES;
				CLANG_WARN__DUPLICATE_METHOD_MATCH = YES;
				COPY_PHASE_STRIP = YES;
				DEBUG_INFORMATION_FORMAT = "dwarf-with-dsym";
				GCC_C_LANGUAGE_STANDARD = gnu99;
				GCC_ENABLE_OBJC_EXCEPTIONS = YES;
				GCC_TREAT_WARNINGS_AS_ERRORS = YES;
				GCC_VERSION = com.apple.compilers.llvm.clang.1_0;
				GCC_WARN_64_TO_32_BIT_CONVERSION = YES;
				GCC_WARN_ABOUT_MISSING_PROTOTYPES = YES;
				GCC_WARN_ABOUT_RETURN_TYPE = YES;
				GCC_WARN_UNINITIALIZED_AUTOS = YES;
				GCC_WARN_UNUSED_VARIABLE = YES;
				MACOSX_DEPLOYMENT_TARGET = 10.7;
				RUN_CLANG_STATIC_ANALYZER = YES;
				SDKROOT = macosx;
				WARNING_CFLAGS = "-Wall";
			};
			name = Release;
		};
		D815A71413A70F270063686A /* Debug */ = {
			isa = XCBuildConfiguration;
			buildSettings = {
				CLANG_ENABLE_OBJC_ARC = YES;
				COMBINE_HIDPI_IMAGES = YES;
				GCC_PRECOMPILE_PREFIX_HEADER = YES;
				GCC_PREFIX_HEADER = "SpectreSupreme/SpectreSupreme-Prefix.pch";
				INFOPLIST_FILE = "SpectreSupreme/SpectreSupreme-Info.plist";
				INSTALL_PATH = "$(HOME)/Library/Graphics/Quartz Composer Plug-Ins";
				PRODUCT_NAME = "$(TARGET_NAME)";
				WRAPPER_EXTENSION = plugin;
			};
			name = Debug;
		};
		D815A71513A70F270063686A /* Release */ = {
			isa = XCBuildConfiguration;
			buildSettings = {
				CLANG_ENABLE_OBJC_ARC = YES;
				COMBINE_HIDPI_IMAGES = YES;
				GCC_PRECOMPILE_PREFIX_HEADER = YES;
				GCC_PREFIX_HEADER = "SpectreSupreme/SpectreSupreme-Prefix.pch";
				INFOPLIST_FILE = "SpectreSupreme/SpectreSupreme-Info.plist";
				INSTALL_PATH = "$(HOME)/Library/Graphics/Quartz Composer Plug-Ins";
				PRODUCT_NAME = "$(TARGET_NAME)";
				WRAPPER_EXTENSION = plugin;
			};
			name = Release;
		};
/* End XCBuildConfiguration section */

/* Begin XCConfigurationList section */
		D815A6F413A70F270063686A /* Build configuration list for PBXProject "SpectreSupreme" */ = {
			isa = XCConfigurationList;
			buildConfigurations = (
				D815A71113A70F270063686A /* Debug */,
				D815A71213A70F270063686A /* Release */,
			);
			defaultConfigurationIsVisible = 0;
			defaultConfigurationName = Release;
		};
		D815A71313A70F270063686A /* Build configuration list for PBXNativeTarget "SpectreSupreme" */ = {
			isa = XCConfigurationList;
			buildConfigurations = (
				D815A71413A70F270063686A /* Debug */,
				D815A71513A70F270063686A /* Release */,
			);
			defaultConfigurationIsVisible = 0;
			defaultConfigurationName = Release;
		};
/* End XCConfigurationList section */
	};
	rootObject = D815A6F113A70F270063686A /* Project object */;
}
